// !$*UTF8*$!
{
	archiveVersion = 1;
	classes = {
	};
	objectVersion = 51;
	objects = {

/* Begin PBXBuildFile section */
		212ACAF4237E07EB00A7342C /* GoogleService-Info.plist in Resources */ = {isa = PBXBuildFile; fileRef = 212ACAF3237E07EB00A7342C /* GoogleService-Info.plist */; };
		212ACAF9237E0DF500A7342C /* HomeViewController.swift in Sources */ = {isa = PBXBuildFile; fileRef = 212ACAF5237E0DF400A7342C /* HomeViewController.swift */; };
		212ACAFA237E0DF500A7342C /* AddExpenseViewController.swift in Sources */ = {isa = PBXBuildFile; fileRef = 212ACAF6237E0DF500A7342C /* AddExpenseViewController.swift */; };
		212ACAFB237E0DF500A7342C /* ProfileViewController.swift in Sources */ = {isa = PBXBuildFile; fileRef = 212ACAF7237E0DF500A7342C /* ProfileViewController.swift */; };
		212ACAFC237E0DF500A7342C /* ReportViewController.swift in Sources */ = {isa = PBXBuildFile; fileRef = 212ACAF8237E0DF500A7342C /* ReportViewController.swift */; };
		212ACAFE237E106300A7342C /* FirestoreReferenceManager.swift in Sources */ = {isa = PBXBuildFile; fileRef = 212ACAFD237E106300A7342C /* FirestoreReferenceManager.swift */; };
		212ACB00237E111D00A7342C /* RegisterViewController.swift in Sources */ = {isa = PBXBuildFile; fileRef = 212ACAFF237E111D00A7342C /* RegisterViewController.swift */; };
		212ACB04237E1B3E00A7342C /* TabBarController.swift in Sources */ = {isa = PBXBuildFile; fileRef = 212ACB03237E1B3E00A7342C /* TabBarController.swift */; };
		212D08DC237E0375002E4FC4 /* AppDelegate.swift in Sources */ = {isa = PBXBuildFile; fileRef = 212D08DB237E0375002E4FC4 /* AppDelegate.swift */; };
		212D08DE237E0375002E4FC4 /* LoginViewController.swift in Sources */ = {isa = PBXBuildFile; fileRef = 212D08DD237E0375002E4FC4 /* LoginViewController.swift */; };
		212D08E1237E0375002E4FC4 /* Main.storyboard in Resources */ = {isa = PBXBuildFile; fileRef = 212D08DF237E0375002E4FC4 /* Main.storyboard */; };
		212D08E4237E0375002E4FC4 /* bankruptcyprevention_finalproject.xcdatamodeld in Sources */ = {isa = PBXBuildFile; fileRef = 212D08E2237E0375002E4FC4 /* bankruptcyprevention_finalproject.xcdatamodeld */; };
		212D08E6237E0375002E4FC4 /* Assets.xcassets in Resources */ = {isa = PBXBuildFile; fileRef = 212D08E5237E0375002E4FC4 /* Assets.xcassets */; };
		212D08E9237E0375002E4FC4 /* LaunchScreen.storyboard in Resources */ = {isa = PBXBuildFile; fileRef = 212D08E7237E0375002E4FC4 /* LaunchScreen.storyboard */; };
		21DDED46237E54D100E4842A /* ExpenseTableViewCell.swift in Sources */ = {isa = PBXBuildFile; fileRef = 21DDED45237E54D100E4842A /* ExpenseTableViewCell.swift */; };
		74CF494B0CA46FBCE3456644 /* Pods_bankruptcyprevention_finalproject.framework in Frameworks */ = {isa = PBXBuildFile; fileRef = AD74EF3072289F08DE7DDE7B /* Pods_bankruptcyprevention_finalproject.framework */; };
/* End PBXBuildFile section */

/* Begin PBXFileReference section */
		212ACAF3237E07EB00A7342C /* GoogleService-Info.plist */ = {isa = PBXFileReference; fileEncoding = 4; lastKnownFileType = text.plist.xml; path = "GoogleService-Info.plist"; sourceTree = "<group>"; };
		212ACAF5237E0DF400A7342C /* HomeViewController.swift */ = {isa = PBXFileReference; fileEncoding = 4; lastKnownFileType = sourcecode.swift; path = HomeViewController.swift; sourceTree = "<group>"; };
		212ACAF6237E0DF500A7342C /* AddExpenseViewController.swift */ = {isa = PBXFileReference; fileEncoding = 4; lastKnownFileType = sourcecode.swift; path = AddExpenseViewController.swift; sourceTree = "<group>"; };
		212ACAF7237E0DF500A7342C /* ProfileViewController.swift */ = {isa = PBXFileReference; fileEncoding = 4; lastKnownFileType = sourcecode.swift; path = ProfileViewController.swift; sourceTree = "<group>"; };
		212ACAF8237E0DF500A7342C /* ReportViewController.swift */ = {isa = PBXFileReference; fileEncoding = 4; lastKnownFileType = sourcecode.swift; path = ReportViewController.swift; sourceTree = "<group>"; };
		212ACAFD237E106300A7342C /* FirestoreReferenceManager.swift */ = {isa = PBXFileReference; lastKnownFileType = sourcecode.swift; path = FirestoreReferenceManager.swift; sourceTree = "<group>"; };
		212ACAFF237E111D00A7342C /* RegisterViewController.swift */ = {isa = PBXFileReference; lastKnownFileType = sourcecode.swift; path = RegisterViewController.swift; sourceTree = "<group>"; };
		212ACB03237E1B3E00A7342C /* TabBarController.swift */ = {isa = PBXFileReference; lastKnownFileType = sourcecode.swift; path = TabBarController.swift; sourceTree = "<group>"; };
		212D08D8237E0375002E4FC4 /* bankruptcyprevention_finalproject.app */ = {isa = PBXFileReference; explicitFileType = wrapper.application; includeInIndex = 0; path = bankruptcyprevention_finalproject.app; sourceTree = BUILT_PRODUCTS_DIR; };
		212D08DB237E0375002E4FC4 /* AppDelegate.swift */ = {isa = PBXFileReference; lastKnownFileType = sourcecode.swift; path = AppDelegate.swift; sourceTree = "<group>"; };
		212D08DD237E0375002E4FC4 /* LoginViewController.swift */ = {isa = PBXFileReference; lastKnownFileType = sourcecode.swift; path = LoginViewController.swift; sourceTree = "<group>"; };
		212D08E0237E0375002E4FC4 /* Base */ = {isa = PBXFileReference; lastKnownFileType = file.storyboard; name = Base; path = Base.lproj/Main.storyboard; sourceTree = "<group>"; };
		212D08E3237E0375002E4FC4 /* bankruptcyprevention_finalproject.xcdatamodel */ = {isa = PBXFileReference; lastKnownFileType = wrapper.xcdatamodel; path = bankruptcyprevention_finalproject.xcdatamodel; sourceTree = "<group>"; };
		212D08E5237E0375002E4FC4 /* Assets.xcassets */ = {isa = PBXFileReference; lastKnownFileType = folder.assetcatalog; path = Assets.xcassets; sourceTree = "<group>"; };
		212D08E8237E0375002E4FC4 /* Base */ = {isa = PBXFileReference; lastKnownFileType = file.storyboard; name = Base; path = Base.lproj/LaunchScreen.storyboard; sourceTree = "<group>"; };
		212D08EA237E0375002E4FC4 /* Info.plist */ = {isa = PBXFileReference; lastKnownFileType = text.plist.xml; path = Info.plist; sourceTree = "<group>"; };
		21DDED45237E54D100E4842A /* ExpenseTableViewCell.swift */ = {isa = PBXFileReference; lastKnownFileType = sourcecode.swift; path = ExpenseTableViewCell.swift; sourceTree = "<group>"; };
		AD74EF3072289F08DE7DDE7B /* Pods_bankruptcyprevention_finalproject.framework */ = {isa = PBXFileReference; explicitFileType = wrapper.framework; includeInIndex = 0; path = Pods_bankruptcyprevention_finalproject.framework; sourceTree = BUILT_PRODUCTS_DIR; };
		ED0963B62BB2BD0BE13904A1 /* Pods-bankruptcyprevention_finalproject.release.xcconfig */ = {isa = PBXFileReference; includeInIndex = 1; lastKnownFileType = text.xcconfig; name = "Pods-bankruptcyprevention_finalproject.release.xcconfig"; path = "Target Support Files/Pods-bankruptcyprevention_finalproject/Pods-bankruptcyprevention_finalproject.release.xcconfig"; sourceTree = "<group>"; };
		F8EFEF9143D65E0506702F46 /* Pods-bankruptcyprevention_finalproject.debug.xcconfig */ = {isa = PBXFileReference; includeInIndex = 1; lastKnownFileType = text.xcconfig; name = "Pods-bankruptcyprevention_finalproject.debug.xcconfig"; path = "Target Support Files/Pods-bankruptcyprevention_finalproject/Pods-bankruptcyprevention_finalproject.debug.xcconfig"; sourceTree = "<group>"; };
/* End PBXFileReference section */

/* Begin PBXFrameworksBuildPhase section */
		212D08D5237E0375002E4FC4 /* Frameworks */ = {
			isa = PBXFrameworksBuildPhase;
			buildActionMask = 2147483647;
			files = (
				74CF494B0CA46FBCE3456644 /* Pods_bankruptcyprevention_finalproject.framework in Frameworks */,
			);
			runOnlyForDeploymentPostprocessing = 0;
		};
/* End PBXFrameworksBuildPhase section */

/* Begin PBXGroup section */
		212D08CF237E0375002E4FC4 = {
			isa = PBXGroup;
			children = (
				212D08DA237E0375002E4FC4 /* bankruptcyprevention_finalproject */,
				212D08D9237E0375002E4FC4 /* Products */,
				5A38A951BB5BBDD4953AF00A /* Pods */,
				CAB139940BCDD3B2235FA64F /* Frameworks */,
			);
			sourceTree = "<group>";
		};
		212D08D9237E0375002E4FC4 /* Products */ = {
			isa = PBXGroup;
			children = (
				212D08D8237E0375002E4FC4 /* bankruptcyprevention_finalproject.app */,
			);
			name = Products;
			sourceTree = "<group>";
		};
		212D08DA237E0375002E4FC4 /* bankruptcyprevention_finalproject */ = {
			isa = PBXGroup;
			children = (
				212D08DB237E0375002E4FC4 /* AppDelegate.swift */,
				212D08DD237E0375002E4FC4 /* LoginViewController.swift */,
				212ACAF6237E0DF500A7342C /* AddExpenseViewController.swift */,
				212ACAF5237E0DF400A7342C /* HomeViewController.swift */,
				212ACAF7237E0DF500A7342C /* ProfileViewController.swift */,
				212ACAF8237E0DF500A7342C /* ReportViewController.swift */,
				212D08DF237E0375002E4FC4 /* Main.storyboard */,
				21DDED45237E54D100E4842A /* ExpenseTableViewCell.swift */,
				212ACB03237E1B3E00A7342C /* TabBarController.swift */,
				212ACAFF237E111D00A7342C /* RegisterViewController.swift */,
				212ACAFD237E106300A7342C /* FirestoreReferenceManager.swift */,
				212D08E5237E0375002E4FC4 /* Assets.xcassets */,
				212D08E7237E0375002E4FC4 /* LaunchScreen.storyboard */,
				212D08EA237E0375002E4FC4 /* Info.plist */,
				212ACAF3237E07EB00A7342C /* GoogleService-Info.plist */,
				212D08E2237E0375002E4FC4 /* bankruptcyprevention_finalproject.xcdatamodeld */,
			);
			path = bankruptcyprevention_finalproject;
			sourceTree = "<group>";
		};
		5A38A951BB5BBDD4953AF00A /* Pods */ = {
			isa = PBXGroup;
			children = (
				F8EFEF9143D65E0506702F46 /* Pods-bankruptcyprevention_finalproject.debug.xcconfig */,
				ED0963B62BB2BD0BE13904A1 /* Pods-bankruptcyprevention_finalproject.release.xcconfig */,
			);
			path = Pods;
			sourceTree = "<group>";
		};
		CAB139940BCDD3B2235FA64F /* Frameworks */ = {
			isa = PBXGroup;
			children = (
				AD74EF3072289F08DE7DDE7B /* Pods_bankruptcyprevention_finalproject.framework */,
			);
			name = Frameworks;
			sourceTree = "<group>";
		};
/* End PBXGroup section */

/* Begin PBXNativeTarget section */
		212D08D7237E0375002E4FC4 /* bankruptcyprevention_finalproject */ = {
			isa = PBXNativeTarget;
			buildConfigurationList = 212D08ED237E0375002E4FC4 /* Build configuration list for PBXNativeTarget "bankruptcyprevention_finalproject" */;
			buildPhases = (
				7B7637C522F627F7A3E396BE /* [CP] Check Pods Manifest.lock */,
				212D08D4237E0375002E4FC4 /* Sources */,
				212D08D5237E0375002E4FC4 /* Frameworks */,
				212D08D6237E0375002E4FC4 /* Resources */,
				06858FAEB2EF21B85BAD1197 /* [CP] Embed Pods Frameworks */,
			);
			buildRules = (
			);
			dependencies = (
			);
			name = bankruptcyprevention_finalproject;
			productName = bankruptcyprevention_finalproject;
			productReference = 212D08D8237E0375002E4FC4 /* bankruptcyprevention_finalproject.app */;
			productType = "com.apple.product-type.application";
		};
/* End PBXNativeTarget section */

/* Begin PBXProject section */
		212D08D0237E0375002E4FC4 /* Project object */ = {
			isa = PBXProject;
			attributes = {
				LastSwiftUpdateCheck = 1020;
				LastUpgradeCheck = 1020;
				ORGANIZATIONNAME = "Lawrence Lim";
				TargetAttributes = {
					212D08D7237E0375002E4FC4 = {
						CreatedOnToolsVersion = 10.2.1;
					};
				};
			};
			buildConfigurationList = 212D08D3237E0375002E4FC4 /* Build configuration list for PBXProject "bankruptcyprevention_finalproject" */;
			compatibilityVersion = "Xcode 9.3";
			developmentRegion = en;
			hasScannedForEncodings = 0;
			knownRegions = (
				en,
				Base,
			);
			mainGroup = 212D08CF237E0375002E4FC4;
			productRefGroup = 212D08D9237E0375002E4FC4 /* Products */;
			projectDirPath = "";
			projectRoot = "";
			targets = (
				212D08D7237E0375002E4FC4 /* bankruptcyprevention_finalproject */,
			);
		};
/* End PBXProject section */

/* Begin PBXResourcesBuildPhase section */
		212D08D6237E0375002E4FC4 /* Resources */ = {
			isa = PBXResourcesBuildPhase;
			buildActionMask = 2147483647;
			files = (
				212D08E9237E0375002E4FC4 /* LaunchScreen.storyboard in Resources */,
				212ACAF4237E07EB00A7342C /* GoogleService-Info.plist in Resources */,
				212D08E6237E0375002E4FC4 /* Assets.xcassets in Resources */,
				212D08E1237E0375002E4FC4 /* Main.storyboard in Resources */,
			);
			runOnlyForDeploymentPostprocessing = 0;
		};
/* End PBXResourcesBuildPhase section */

/* Begin PBXShellScriptBuildPhase section */
		06858FAEB2EF21B85BAD1197 /* [CP] Embed Pods Frameworks */ = {
			isa = PBXShellScriptBuildPhase;
			buildActionMask = 2147483647;
			files = (
			);
			inputFileListPaths = (
				"${PODS_ROOT}/Target Support Files/Pods-bankruptcyprevention_finalproject/Pods-bankruptcyprevention_finalproject-frameworks-${CONFIGURATION}-input-files.xcfilelist",
			);
			name = "[CP] Embed Pods Frameworks";
			outputFileListPaths = (
				"${PODS_ROOT}/Target Support Files/Pods-bankruptcyprevention_finalproject/Pods-bankruptcyprevention_finalproject-frameworks-${CONFIGURATION}-output-files.xcfilelist",
			);
			runOnlyForDeploymentPostprocessing = 0;
			shellPath = /bin/sh;
			shellScript = "\"${PODS_ROOT}/Target Support Files/Pods-bankruptcyprevention_finalproject/Pods-bankruptcyprevention_finalproject-frameworks.sh\"\n";
			showEnvVarsInLog = 0;
		};
		7B7637C522F627F7A3E396BE /* [CP] Check Pods Manifest.lock */ = {
			isa = PBXShellScriptBuildPhase;
			buildActionMask = 2147483647;
			files = (
			);
			inputFileListPaths = (
			);
			inputPaths = (
				"${PODS_PODFILE_DIR_PATH}/Podfile.lock",
				"${PODS_ROOT}/Manifest.lock",
			);
			name = "[CP] Check Pods Manifest.lock";
			outputFileListPaths = (
			);
			outputPaths = (
				"$(DERIVED_FILE_DIR)/Pods-bankruptcyprevention_finalproject-checkManifestLockResult.txt",
			);
			runOnlyForDeploymentPostprocessing = 0;
			shellPath = /bin/sh;
			shellScript = "diff \"${PODS_PODFILE_DIR_PATH}/Podfile.lock\" \"${PODS_ROOT}/Manifest.lock\" > /dev/null\nif [ $? != 0 ] ; then\n    # print error to STDERR\n    echo \"error: The sandbox is not in sync with the Podfile.lock. Run 'pod install' or update your CocoaPods installation.\" >&2\n    exit 1\nfi\n# This output is used by Xcode 'outputs' to avoid re-running this script phase.\necho \"SUCCESS\" > \"${SCRIPT_OUTPUT_FILE_0}\"\n";
			showEnvVarsInLog = 0;
		};
/* End PBXShellScriptBuildPhase section */

/* Begin PBXSourcesBuildPhase section */
		212D08D4237E0375002E4FC4 /* Sources */ = {
			isa = PBXSourcesBuildPhase;
			buildActionMask = 2147483647;
			files = (
				212ACB00237E111D00A7342C /* RegisterViewController.swift in Sources */,
				212ACAFB237E0DF500A7342C /* ProfileViewController.swift in Sources */,
				212D08DE237E0375002E4FC4 /* LoginViewController.swift in Sources */,
				212ACB04237E1B3E00A7342C /* TabBarController.swift in Sources */,
				212D08DC237E0375002E4FC4 /* AppDelegate.swift in Sources */,
				212ACAFA237E0DF500A7342C /* AddExpenseViewController.swift in Sources */,
				212D08E4237E0375002E4FC4 /* bankruptcyprevention_finalproject.xcdatamodeld in Sources */,
				212ACAF9237E0DF500A7342C /* HomeViewController.swift in Sources */,
				21DDED46237E54D100E4842A /* ExpenseTableViewCell.swift in Sources */,
				212ACAFC237E0DF500A7342C /* ReportViewController.swift in Sources */,
				212ACAFE237E106300A7342C /* FirestoreReferenceManager.swift in Sources */,
			);
			runOnlyForDeploymentPostprocessing = 0;
		};
/* End PBXSourcesBuildPhase section */

/* Begin PBXVariantGroup section */
		212D08DF237E0375002E4FC4 /* Main.storyboard */ = {
			isa = PBXVariantGroup;
			children = (
				212D08E0237E0375002E4FC4 /* Base */,
			);
			name = Main.storyboard;
			sourceTree = "<group>";
		};
		212D08E7237E0375002E4FC4 /* LaunchScreen.storyboard */ = {
			isa = PBXVariantGroup;
			children = (
				212D08E8237E0375002E4FC4 /* Base */,
			);
			name = LaunchScreen.storyboard;
			sourceTree = "<group>";
		};
/* End PBXVariantGroup section */

/* Begin XCBuildConfiguration section */
		212D08EB237E0375002E4FC4 /* Debug */ = {
			isa = XCBuildConfiguration;
			buildSettings = {
				ALWAYS_SEARCH_USER_PATHS = NO;
				CLANG_ANALYZER_NONNULL = YES;
				CLANG_ANALYZER_NUMBER_OBJECT_CONVERSION = YES_AGGRESSIVE;
				CLANG_CXX_LANGUAGE_STANDARD = "gnu++14";
				CLANG_CXX_LIBRARY = "libc++";
				CLANG_ENABLE_MODULES = YES;
				CLANG_ENABLE_OBJC_ARC = YES;
				CLANG_ENABLE_OBJC_WEAK = YES;
				CLANG_WARN_BLOCK_CAPTURE_AUTORELEASING = YES;
				CLANG_WARN_BOOL_CONVERSION = YES;
				CLANG_WARN_COMMA = YES;
				CLANG_WARN_CONSTANT_CONVERSION = YES;
				CLANG_WARN_DEPRECATED_OBJC_IMPLEMENTATIONS = YES;
				CLANG_WARN_DIRECT_OBJC_ISA_USAGE = YES_ERROR;
				CLANG_WARN_DOCUMENTATION_COMMENTS = YES;
				CLANG_WARN_EMPTY_BODY = YES;
				CLANG_WARN_ENUM_CONVERSION = YES;
				CLANG_WARN_INFINITE_RECURSION = YES;
				CLANG_WARN_INT_CONVERSION = YES;
				CLANG_WARN_NON_LITERAL_NULL_CONVERSION = YES;
				CLANG_WARN_OBJC_IMPLICIT_RETAIN_SELF = YES;
				CLANG_WARN_OBJC_LITERAL_CONVERSION = YES;
				CLANG_WARN_OBJC_ROOT_CLASS = YES_ERROR;
				CLANG_WARN_RANGE_LOOP_ANALYSIS = YES;
				CLANG_WARN_STRICT_PROTOTYPES = YES;
				CLANG_WARN_SUSPICIOUS_MOVE = YES;
				CLANG_WARN_UNGUARDED_AVAILABILITY = YES_AGGRESSIVE;
				CLANG_WARN_UNREACHABLE_CODE = YES;
				CLANG_WARN__DUPLICATE_METHOD_MATCH = YES;
				CODE_SIGN_IDENTITY = "iPhone Developer";
				COPY_PHASE_STRIP = NO;
				DEBUG_INFORMATION_FORMAT = dwarf;
				ENABLE_STRICT_OBJC_MSGSEND = YES;
				ENABLE_TESTABILITY = YES;
				GCC_C_LANGUAGE_STANDARD = gnu11;
				GCC_DYNAMIC_NO_PIC = NO;
				GCC_NO_COMMON_BLOCKS = YES;
				GCC_OPTIMIZATION_LEVEL = 0;
				GCC_PREPROCESSOR_DEFINITIONS = (
					"DEBUG=1",
					"$(inherited)",
				);
				GCC_WARN_64_TO_32_BIT_CONVERSION = YES;
				GCC_WARN_ABOUT_RETURN_TYPE = YES_ERROR;
				GCC_WARN_UNDECLARED_SELECTOR = YES;
				GCC_WARN_UNINITIALIZED_AUTOS = YES_AGGRESSIVE;
				GCC_WARN_UNUSED_FUNCTION = YES;
				GCC_WARN_UNUSED_VARIABLE = YES;
				IPHONEOS_DEPLOYMENT_TARGET = 12.2;
				MTL_ENABLE_DEBUG_INFO = INCLUDE_SOURCE;
				MTL_FAST_MATH = YES;
				ONLY_ACTIVE_ARCH = YES;
				SDKROOT = iphoneos;
				SWIFT_ACTIVE_COMPILATION_CONDITIONS = DEBUG;
				SWIFT_OPTIMIZATION_LEVEL = "-Onone";
			};
			name = Debug;
		};
		212D08EC237E0375002E4FC4 /* Release */ = {
			isa = XCBuildConfiguration;
			buildSettings = {
				ALWAYS_SEARCH_USER_PATHS = NO;
				CLANG_ANALYZER_NONNULL = YES;
				CLANG_ANALYZER_NUMBER_OBJECT_CONVERSION = YES_AGGRESSIVE;
				CLANG_CXX_LANGUAGE_STANDARD = "gnu++14";
				CLANG_CXX_LIBRARY = "libc++";
				CLANG_ENABLE_MODULES = YES;
				CLANG_ENABLE_OBJC_ARC = YES;
				CLANG_ENABLE_OBJC_WEAK = YES;
				CLANG_WARN_BLOCK_CAPTURE_AUTORELEASING = YES;
				CLANG_WARN_BOOL_CONVERSION = YES;
				CLANG_WARN_COMMA = YES;
				CLANG_WARN_CONSTANT_CONVERSION = YES;
				CLANG_WARN_DEPRECATED_OBJC_IMPLEMENTATIONS = YES;
				CLANG_WARN_DIRECT_OBJC_ISA_USAGE = YES_ERROR;
				CLANG_WARN_DOCUMENTATION_COMMENTS = YES;
				CLANG_WARN_EMPTY_BODY = YES;
				CLANG_WARN_ENUM_CONVERSION = YES;
				CLANG_WARN_INFINITE_RECURSION = YES;
				CLANG_WARN_INT_CONVERSION = YES;
				CLANG_WARN_NON_LITERAL_NULL_CONVERSION = YES;
				CLANG_WARN_OBJC_IMPLICIT_RETAIN_SELF = YES;
				CLANG_WARN_OBJC_LITERAL_CONVERSION = YES;
				CLANG_WARN_OBJC_ROOT_CLASS = YES_ERROR;
				CLANG_WARN_RANGE_LOOP_ANALYSIS = YES;
				CLANG_WARN_STRICT_PROTOTYPES = YES;
				CLANG_WARN_SUSPICIOUS_MOVE = YES;
				CLANG_WARN_UNGUARDED_AVAILABILITY = YES_AGGRESSIVE;
				CLANG_WARN_UNREACHABLE_CODE = YES;
				CLANG_WARN__DUPLICATE_METHOD_MATCH = YES;
				CODE_SIGN_IDENTITY = "iPhone Developer";
				COPY_PHASE_STRIP = NO;
				DEBUG_INFORMATION_FORMAT = "dwarf-with-dsym";
				ENABLE_NS_ASSERTIONS = NO;
				ENABLE_STRICT_OBJC_MSGSEND = YES;
				GCC_C_LANGUAGE_STANDARD = gnu11;
				GCC_NO_COMMON_BLOCKS = YES;
				GCC_WARN_64_TO_32_BIT_CONVERSION = YES;
				GCC_WARN_ABOUT_RETURN_TYPE = YES_ERROR;
				GCC_WARN_UNDECLARED_SELECTOR = YES;
				GCC_WARN_UNINITIALIZED_AUTOS = YES_AGGRESSIVE;
				GCC_WARN_UNUSED_FUNCTION = YES;
				GCC_WARN_UNUSED_VARIABLE = YES;
				IPHONEOS_DEPLOYMENT_TARGET = 12.2;
				MTL_ENABLE_DEBUG_INFO = NO;
				MTL_FAST_MATH = YES;
				SDKROOT = iphoneos;
				SWIFT_COMPILATION_MODE = wholemodule;
				SWIFT_OPTIMIZATION_LEVEL = "-O";
				VALIDATE_PRODUCT = YES;
			};
			name = Release;
		};
		212D08EE237E0375002E4FC4 /* Debug */ = {
			isa = XCBuildConfiguration;
			baseConfigurationReference = F8EFEF9143D65E0506702F46 /* Pods-bankruptcyprevention_finalproject.debug.xcconfig */;
			buildSettings = {
				ASSETCATALOG_COMPILER_APPICON_NAME = AppIcon;
				CODE_SIGN_STYLE = Automatic;
				DEVELOPMENT_TEAM = 6W2CX2GCB2;
				INFOPLIST_FILE = bankruptcyprevention_finalproject/Info.plist;
				LD_RUNPATH_SEARCH_PATHS = (
					"$(inherited)",
					"@executable_path/Frameworks",
				);
				PRODUCT_BUNDLE_IDENTIFIER = "cs329e.bankruptcyprevention-finalproject";
				PRODUCT_NAME = "$(TARGET_NAME)";
				SWIFT_VERSION = 5.0;
				TARGETED_DEVICE_FAMILY = "1,2";
			};
			name = Debug;
		};
		212D08EF237E0375002E4FC4 /* Release */ = {
			isa = XCBuildConfiguration;
			baseConfigurationReference = ED0963B62BB2BD0BE13904A1 /* Pods-bankruptcyprevention_finalproject.release.xcconfig */;
			buildSettings = {
				ASSETCATALOG_COMPILER_APPICON_NAME = AppIcon;
				CODE_SIGN_STYLE = Automatic;
				DEVELOPMENT_TEAM = 6W2CX2GCB2;
				INFOPLIST_FILE = bankruptcyprevention_finalproject/Info.plist;
				LD_RUNPATH_SEARCH_PATHS = (
					"$(inherited)",
					"@executable_path/Frameworks",
				);
				PRODUCT_BUNDLE_IDENTIFIER = "cs329e.bankruptcyprevention-finalproject";
				PRODUCT_NAME = "$(TARGET_NAME)";
				SWIFT_VERSION = 5.0;
				TARGETED_DEVICE_FAMILY = "1,2";
			};
			name = Release;
		};
/* End XCBuildConfiguration section */

/* Begin XCConfigurationList section */
		212D08D3237E0375002E4FC4 /* Build configuration list for PBXProject "bankruptcyprevention_finalproject" */ = {
			isa = XCConfigurationList;
			buildConfigurations = (
				212D08EB237E0375002E4FC4 /* Debug */,
				212D08EC237E0375002E4FC4 /* Release */,
			);
			defaultConfigurationIsVisible = 0;
			defaultConfigurationName = Release;
		};
		212D08ED237E0375002E4FC4 /* Build configuration list for PBXNativeTarget "bankruptcyprevention_finalproject" */ = {
			isa = XCConfigurationList;
			buildConfigurations = (
				212D08EE237E0375002E4FC4 /* Debug */,
				212D08EF237E0375002E4FC4 /* Release */,
			);
			defaultConfigurationIsVisible = 0;
			defaultConfigurationName = Release;
		};
/* End XCConfigurationList section */

/* Begin XCVersionGroup section */
		212D08E2237E0375002E4FC4 /* bankruptcyprevention_finalproject.xcdatamodeld */ = {
			isa = XCVersionGroup;
			children = (
				212D08E3237E0375002E4FC4 /* bankruptcyprevention_finalproject.xcdatamodel */,
			);
			currentVersion = 212D08E3237E0375002E4FC4 /* bankruptcyprevention_finalproject.xcdatamodel */;
			path = bankruptcyprevention_finalproject.xcdatamodeld;
			sourceTree = "<group>";
			versionGroupType = wrapper.xcdatamodel;
		};
/* End XCVersionGroup section */
	};
	rootObject = 212D08D0237E0375002E4FC4 /* Project object */;
}
